<?xml version="1.0" encoding="utf-8"?>
<Project ToolsVersion="4.0" xmlns="http://schemas.microsoft.com/developer/msbuild/2003">
  <ItemGroup>
    <Filter Include="Source Files">
      <UniqueIdentifier>{4FC737F1-C7A5-4376-A066-2A32D752A2FF}</UniqueIdentifier>
      <Extensions>cpp;c;cc;cxx;def;odl;idl;hpj;bat;asm;asmx</Extensions>
    </Filter>
    <Filter Include="Header Files">
      <UniqueIdentifier>{93995380-89BD-4b04-88EB-625FBE52EBFB}</UniqueIdentifier>
      <Extensions>h;hh;hpp;hxx;hm;inl;inc;xsd</Extensions>
    </Filter>
    <Filter Include="Resource Files">
      <UniqueIdentifier>{67DA6AB6-F800-4c08-8B7A-83BB121AAD01}</UniqueIdentifier>
      <Extensions>rc;ico;cur;bmp;dlg;rc2;rct;bin;rgs;gif;jpg;jpeg;jpe;resx;tiff;tif;png;wav;mfcribbon-ms</Extensions>
    </Filter>
    <Filter Include="Header Files\Renderer">
      <UniqueIdentifier>{ee893802-4061-4fe5-b464-e2383014a618}</UniqueIdentifier>
    </Filter>
    <Filter Include="Shader Files">
      <UniqueIdentifier>{bb2c9b50-58a4-4031-980f-c1b25b21179e}</UniqueIdentifier>
    </Filter>
    <Filter Include="Source Files\Renderer">
      <UniqueIdentifier>{2e3bbb96-eec0-4113-82f5-c5ed85e75a38}</UniqueIdentifier>
    </Filter>
    <Filter Include="Header Files\GameManager">
      <UniqueIdentifier>{64b9b36c-b2df-4e6b-924b-f142b3d9369a}</UniqueIdentifier>
    </Filter>
    <Filter Include="Source Files\GameManager">
      <UniqueIdentifier>{4e244659-e5a1-4d3a-8476-86b1fafee3a7}</UniqueIdentifier>
    </Filter>
    <Filter Include="Header Files\Renderer\ImageLoader">
      <UniqueIdentifier>{27e05dfa-34d9-41be-be75-5f83414e3582}</UniqueIdentifier>
    </Filter>
    <Filter Include="Source Files\Renderer\ImageLoader">
      <UniqueIdentifier>{8e80b5fd-622b-4863-9153-1ded5a2edbd3}</UniqueIdentifier>
    </Filter>
  </ItemGroup>
  <ItemGroup>
    <ClCompile Include="..\..\main.cpp">
      <Filter>Source Files</Filter>
    </ClCompile>
    <ClCompile Include="..\..\contract.cpp">
      <Filter>Source Files</Filter>
    </ClCompile>
    <ClCompile Include="..\..\Renderer\shaderprogram.cpp">
      <Filter>Source Files\Renderer</Filter>
    </ClCompile>
    <ClCompile Include="..\..\Renderer\renderer.cpp">
      <Filter>Source Files\Renderer</Filter>
    </ClCompile>
    <ClCompile Include="..\..\GameManager\gamemanager.cpp">
      <Filter>Source Files\GameManager</Filter>
    </ClCompile>
    <ClCompile Include="..\..\Renderer\bmp.cpp">
      <Filter>Source Files\Renderer\ImageLoader</Filter>
    </ClCompile>
    <ClCompile Include="..\..\Renderer\texture.cpp">
      <Filter>Source Files\Renderer\ImageLoader</Filter>
    </ClCompile>
  </ItemGroup>
  <ItemGroup>
    <ClInclude Include="..\..\contract.h">
      <Filter>Header Files</Filter>
    </ClInclude>
    <ClInclude Include="..\..\interfaces.h">
      <Filter>Header Files</Filter>
    </ClInclude>
    <ClInclude Include="..\..\Renderer\renderer.h">
      <Filter>Header Files\Renderer</Filter>
    </ClInclude>
    <ClInclude Include="..\..\Renderer\shaderprogram.h">
      <Filter>Header Files\Renderer</Filter>
    </ClInclude>
    <ClInclude Include="..\..\GameManager\gamemanager.h">
      <Filter>Header Files\GameManager</Filter>
    </ClInclude>
    <ClInclude Include="..\..\Renderer\bmp.h">
      <Filter>Header Files\Renderer\ImageLoader</Filter>
    </ClInclude>
    <ClInclude Include="..\..\Renderer\texture.h">
      <Filter>Header Files\Renderer\ImageLoader</Filter>
    </ClInclude>
  </ItemGroup>
  <ItemGroup>
    <None Include="..\..\..\Game\Data\Shaders\vertex_basic.vert">
      <Filter>Shader Files</Filter>
    </None>
    <None Include="..\..\..\Game\Data\Shaders\fragment_basic.frag">
      <Filter>Shader Files</Filter>
    </None>
  </ItemGroup>
</Project>