<?xml version="1.0" encoding="utf-8"?>
<Project ToolsVersion="4.0" xmlns="http://schemas.microsoft.com/developer/msbuild/2003">
  <ItemGroup>
    <Filter Include="Source Files">
      <UniqueIdentifier>{4FC737F1-C7A5-4376-A066-2A32D752A2FF}</UniqueIdentifier>
      <Extensions>cpp;c;cc;cxx;def;odl;idl;hpj;bat;asm;asmx</Extensions>
    </Filter>
    <Filter Include="Header Files">
      <UniqueIdentifier>{93995380-89BD-4b04-88EB-625FBE52EBFB}</UniqueIdentifier>
      <Extensions>h;hh;hpp;hxx;hm;inl;inc;xsd</Extensions>
    </Filter>
    <Filter Include="Resource Files">
      <UniqueIdentifier>{67DA6AB6-F800-4c08-8B7A-83BB121AAD01}</UniqueIdentifier>
      <Extensions>rc;ico;cur;bmp;dlg;rc2;rct;bin;rgs;gif;jpg;jpeg;jpe;resx;tiff;tif;png;wav;mfcribbon-ms</Extensions>
    </Filter>
    <Filter Include="Header Files\Renderer">
      <UniqueIdentifier>{ee893802-4061-4fe5-b464-e2383014a618}</UniqueIdentifier>
    </Filter>
    <Filter Include="Shader Files">
      <UniqueIdentifier>{bb2c9b50-58a4-4031-980f-c1b25b21179e}</UniqueIdentifier>
    </Filter>
    <Filter Include="Source Files\Renderer">
      <UniqueIdentifier>{2e3bbb96-eec0-4113-82f5-c5ed85e75a38}</UniqueIdentifier>
    </Filter>
    <Filter Include="Header Files\GameManager">
      <UniqueIdentifier>{64b9b36c-b2df-4e6b-924b-f142b3d9369a}</UniqueIdentifier>
    </Filter>
    <Filter Include="Source Files\GameManager">
      <UniqueIdentifier>{4e244659-e5a1-4d3a-8476-86b1fafee3a7}</UniqueIdentifier>
    </Filter>
    <Filter Include="Header Files\Renderer\ImageLoader">
      <UniqueIdentifier>{27e05dfa-34d9-41be-be75-5f83414e3582}</UniqueIdentifier>
    </Filter>
    <Filter Include="Source Files\Renderer\ImageLoader">
      <UniqueIdentifier>{8e80b5fd-622b-4863-9153-1ded5a2edbd3}</UniqueIdentifier>
    </Filter>
    <Filter Include="Header Files\Event">
      <UniqueIdentifier>{279a5275-5e07-4932-8d3c-6fcc24fd5e63}</UniqueIdentifier>
    </Filter>
    <Filter Include="Source Files\Event">
      <UniqueIdentifier>{d32b0559-bebc-4699-8fc4-636bcf51d77e}</UniqueIdentifier>
    </Filter>
    <Filter Include="Source Files\Utility">
      <UniqueIdentifier>{5962236b-701b-4eae-9726-666c5f3a1009}</UniqueIdentifier>
    </Filter>
    <Filter Include="Header Files\Utility">
      <UniqueIdentifier>{73d0978c-6c86-4e4f-8249-7e9fe42f0f9b}</UniqueIdentifier>
    </Filter>
    <Filter Include="Header Files\Actor">
      <UniqueIdentifier>{730433a5-f347-470b-a4a0-21e3acfd7d0b}</UniqueIdentifier>
    </Filter>
    <Filter Include="Source Files\Actor">
      <UniqueIdentifier>{43fb458b-af87-4f78-aeed-db8f15d31ee3}</UniqueIdentifier>
    </Filter>
    <Filter Include="Header Files\Actor\Component">
      <UniqueIdentifier>{5dd40a89-1c1a-41e3-b64c-2838d67b6cf9}</UniqueIdentifier>
    </Filter>
    <Filter Include="Source Files\Actor\Component">
      <UniqueIdentifier>{0e7cb19a-6dd9-4c1b-92a6-f42306550b45}</UniqueIdentifier>
    </Filter>
  </ItemGroup>
  <ItemGroup>
    <ClCompile Include="..\..\main.cpp">
      <Filter>Source Files</Filter>
    </ClCompile>
    <ClCompile Include="..\..\Renderer\shaderprogram.cpp">
      <Filter>Source Files\Renderer</Filter>
    </ClCompile>
    <ClCompile Include="..\..\Renderer\renderer.cpp">
      <Filter>Source Files\Renderer</Filter>
    </ClCompile>
    <ClCompile Include="..\..\GameManager\gamemanager.cpp">
      <Filter>Source Files\GameManager</Filter>
    </ClCompile>
    <ClCompile Include="..\..\Renderer\bmp.cpp">
      <Filter>Source Files\Renderer\ImageLoader</Filter>
    </ClCompile>
    <ClCompile Include="..\..\Renderer\texture.cpp">
      <Filter>Source Files\Renderer\ImageLoader</Filter>
    </ClCompile>
    <ClCompile Include="..\..\Renderer\camera.cpp">
      <Filter>Source Files\Renderer</Filter>
    </ClCompile>
    <ClCompile Include="..\..\Event\eventmanager.cpp">
      <Filter>Source Files\Event</Filter>
    </ClCompile>
    <ClCompile Include="..\..\Event\event.cpp">
      <Filter>Source Files\Event</Filter>
    </ClCompile>
    <ClCompile Include="..\..\Event\inputcommandevent.cpp">
      <Filter>Source Files\Event</Filter>
    </ClCompile>
    <ClCompile Include="..\..\Event\eventlistener.cpp">
      <Filter>Source Files\Event</Filter>
    </ClCompile>
    <ClCompile Include="..\..\Utility\config.cpp">
      <Filter>Source Files\Utility</Filter>
    </ClCompile>
    <ClCompile Include="..\..\Utility\contract.cpp">
      <Filter>Source Files\Utility</Filter>
    </ClCompile>
    <ClCompile Include="..\..\Utility\utility.cpp">
      <Filter>Source Files\Utility</Filter>
    </ClCompile>
    <ClCompile Include="..\..\Utility\logger.cpp">
      <Filter>Source Files\Utility</Filter>
    </ClCompile>
    <ClCompile Include="..\..\Actor\player.cpp">
      <Filter>Source Files\Actor</Filter>
    </ClCompile>
    <ClCompile Include="..\..\Actor\transform.cpp">
      <Filter>Source Files\Actor\Component</Filter>
    </ClCompile>
    <ClCompile Include="..\..\Actor\inputmanager.cpp">
      <Filter>Source Files\Actor\Component</Filter>
    </ClCompile>
  </ItemGroup>
  <ItemGroup>
    <ClInclude Include="..\..\interfaces.h">
      <Filter>Header Files</Filter>
    </ClInclude>
    <ClInclude Include="..\..\Renderer\renderer.h">
      <Filter>Header Files\Renderer</Filter>
    </ClInclude>
    <ClInclude Include="..\..\Renderer\shaderprogram.h">
      <Filter>Header Files\Renderer</Filter>
    </ClInclude>
    <ClInclude Include="..\..\GameManager\gamemanager.h">
      <Filter>Header Files\GameManager</Filter>
    </ClInclude>
    <ClInclude Include="..\..\Renderer\bmp.h">
      <Filter>Header Files\Renderer\ImageLoader</Filter>
    </ClInclude>
    <ClInclude Include="..\..\Renderer\texture.h">
      <Filter>Header Files\Renderer\ImageLoader</Filter>
    </ClInclude>
    <ClInclude Include="..\..\Renderer\camera.h">
      <Filter>Header Files\Renderer</Filter>
    </ClInclude>
    <ClInclude Include="..\..\Event\eventmanager.h">
      <Filter>Header Files\Event</Filter>
    </ClInclude>
    <ClInclude Include="..\..\Event\event.h">
      <Filter>Header Files\Event</Filter>
    </ClInclude>
    <ClInclude Include="..\..\Event\inputcommandevent.h">
      <Filter>Header Files\Event</Filter>
    </ClInclude>
    <ClInclude Include="..\..\Event\eventlistener.h">
      <Filter>Header Files\Event</Filter>
    </ClInclude>
    <ClInclude Include="..\..\Utility\config.h">
      <Filter>Header Files\Utility</Filter>
    </ClInclude>
    <ClInclude Include="..\..\Utility\contract.h">
      <Filter>Header Files\Utility</Filter>
    </ClInclude>
    <ClInclude Include="..\..\Utility\logger.h">
      <Filter>Header Files\Utility</Filter>
    </ClInclude>
    <ClInclude Include="..\..\Actor\player.h">
      <Filter>Header Files\Actor</Filter>
    </ClInclude>
    <ClInclude Include="..\..\Utility\utility.h">
      <Filter>Header Files\Utility</Filter>
    </ClInclude>
    <ClInclude Include="..\..\Actor\transform.h">
      <Filter>Header Files\Actor\Component</Filter>
    </ClInclude>
    <ClInclude Include="..\..\Actor\inputmanager.h">
      <Filter>Header Files\Actor\Component</Filter>
    </ClInclude>
  </ItemGroup>
  <ItemGroup>
    <None Include="..\..\..\Game\Data\Shaders\vertex_basic.vert">
      <Filter>Shader Files</Filter>
    </None>
    <None Include="..\..\..\Game\Data\Shaders\fragment_basic.frag">
      <Filter>Shader Files</Filter>
    </None>
    <None Include="..\..\..\README.md" />
  </ItemGroup>
</Project>